
Microsoft Visual Studio Solution File, Format Version 12.00
# Visual Studio 2012
Project("{FAE04EC0-301F-11D3-BF4B-00C04F79EFBC}") = "Disable-Internet-Application", "Disable-Internet-Application\Disable-Internet-Application.csproj", "{24083802-1019-4504-9A8E-7D5AF3D93818}"
EndProject
Global
	GlobalSection(SolutionConfigurationPlatforms) = preSolution
		Debug|Any CPU = Debug|Any CPU
		Release|Any CPU = Release|Any CPU
	EndGlobalSection
	GlobalSection(ProjectConfigurationPlatforms) = postSolution
		{24083802-1019-4504-9A8E-7D5AF3D93818}.Debug|Any CPU.ActiveCfg = Debug|Any CPU
		{24083802-1019-4504-9A8E-7D5AF3D93818}.Debug|Any CPU.Build.0 = Debug|Any CPU
		{24083802-1019-4504-9A8E-7D5AF3D93818}.Release|Any CPU.ActiveCfg = Release|Any CPU
		{24083802-1019-4504-9A8E-7D5AF3D93818}.Release|Any CPU.Build.0 = Release|Any CPU
	EndGlobalSection
	GlobalSection(SolutionProperties) = preSolution
		HideSolutionNode = FALSE
	EndGlobalSection
EndGlobal
